
Microsoft Visual Studio Solution File, Format Version 12.00
# Visual Studio Version 17
VisualStudioVersion = 17.7.34221.43
MinimumVisualStudioVersion = 10.0.40219.1
Project("{FAE04EC0-301F-11D3-BF4B-00C04F79EFBC}") = "ConsoleApp1", "ConsoleApp1\ConsoleApp1.csproj", "{3537E6CB-F540-4F12-BAFF-567BEDB68091}"
EndProject
Global
	GlobalSection(SolutionConfigurationPlatforms) = preSolution
		Debug|Any CPU = Debug|Any CPU
		Release|Any CPU = Release|Any CPU
	EndGlobalSection
	GlobalSection(ProjectConfigurationPlatforms) = postSolution
		{3537E6CB-F540-4F12-BAFF-567BEDB68091}.Debug|Any CPU.ActiveCfg = Debug|Any CPU
		{3537E6CB-F540-4F12-BAFF-567BEDB68091}.Debug|Any CPU.Build.0 = Debug|Any CPU
		{3537E6CB-F540-4F12-BAFF-567BEDB68091}.Release|Any CPU.ActiveCfg = Release|Any CPU
		{3537E6CB-F540-4F12-BAFF-567BEDB68091}.Release|Any CPU.Build.0 = Release|Any CPU
	EndGlobalSection
	GlobalSection(SolutionProperties) = preSolution
		HideSolutionNode = FALSE
	EndGlobalSection
	GlobalSection(ExtensibilityGlobals) = postSolution
		SolutionGuid = {285434AD-98B2-491F-8958-0ECCFD5F7A74}
	EndGlobalSection
EndGlobal
