
Microsoft Visual Studio Solution File, Format Version 12.00
# Visual Studio Version 17
VisualStudioVersion = 17.7.34221.43
MinimumVisualStudioVersion = 10.0.40219.1
Project("{FAE04EC0-301F-11D3-BF4B-00C04F79EFBC}") = "AddNumbersinFileStream", "AddNumbersinFileStream\AddNumbersinFileStream.csproj", "{FBFDCE36-B384-4DC6-B173-E0D132FFD342}"
EndProject
Global
	GlobalSection(SolutionConfigurationPlatforms) = preSolution
		Debug|Any CPU = Debug|Any CPU
		Release|Any CPU = Release|Any CPU
	EndGlobalSection
	GlobalSection(ProjectConfigurationPlatforms) = postSolution
		{FBFDCE36-B384-4DC6-B173-E0D132FFD342}.Debug|Any CPU.ActiveCfg = Debug|Any CPU
		{FBFDCE36-B384-4DC6-B173-E0D132FFD342}.Debug|Any CPU.Build.0 = Debug|Any CPU
		{FBFDCE36-B384-4DC6-B173-E0D132FFD342}.Release|Any CPU.ActiveCfg = Release|Any CPU
		{FBFDCE36-B384-4DC6-B173-E0D132FFD342}.Release|Any CPU.Build.0 = Release|Any CPU
	EndGlobalSection
	GlobalSection(SolutionProperties) = preSolution
		HideSolutionNode = FALSE
	EndGlobalSection
	GlobalSection(ExtensibilityGlobals) = postSolution
		SolutionGuid = {1C29939C-8099-44B5-9136-7D6D0683F907}
	EndGlobalSection
EndGlobal
